// !$*UTF8*$!
{
	archiveVersion = 1;
	classes = {
	};
	objectVersion = 55;
	objects = {

/* Begin PBXBuildFile section */
		B8CA510228CCD39E00E4B321 /* cw3App.swift in Sources */ = {isa = PBXBuildFile; fileRef = B8CA510128CCD39E00E4B321 /* cw3App.swift */; };
		B8CA510428CCD39E00E4B321 /* ContentView.swift in Sources */ = {isa = PBXBuildFile; fileRef = B8CA510328CCD39E00E4B321 /* ContentView.swift */; };
		B8CA510628CCD3A000E4B321 /* Assets.xcassets in Resources */ = {isa = PBXBuildFile; fileRef = B8CA510528CCD3A000E4B321 /* Assets.xcassets */; };
		B8CA510928CCD3A000E4B321 /* Preview Assets.xcassets in Resources */ = {isa = PBXBuildFile; fileRef = B8CA510828CCD3A000E4B321 /* Preview Assets.xcassets */; };
		B8CA511328CCD3A000E4B321 /* cw3Tests.swift in Sources */ = {isa = PBXBuildFile; fileRef = B8CA511228CCD3A000E4B321 /* cw3Tests.swift */; };
		B8CA511D28CCD3A000E4B321 /* cw3UITests.swift in Sources */ = {isa = PBXBuildFile; fileRef = B8CA511C28CCD3A000E4B321 /* cw3UITests.swift */; };
		B8CA511F28CCD3A000E4B321 /* cw3UITestsLaunchTests.swift in Sources */ = {isa = PBXBuildFile; fileRef = B8CA511E28CCD3A000E4B321 /* cw3UITestsLaunchTests.swift */; };
/* End PBXBuildFile section */

/* Begin PBXContainerItemProxy section */
		B8CA510F28CCD3A000E4B321 /* PBXContainerItemProxy */ = {
			isa = PBXContainerItemProxy;
			containerPortal = B8CA50F628CCD39E00E4B321 /* Project object */;
			proxyType = 1;
			remoteGlobalIDString = B8CA50FD28CCD39E00E4B321;
			remoteInfo = cw3;
		};
		B8CA511928CCD3A000E4B321 /* PBXContainerItemProxy */ = {
			isa = PBXContainerItemProxy;
			containerPortal = B8CA50F628CCD39E00E4B321 /* Project object */;
			proxyType = 1;
			remoteGlobalIDString = B8CA50FD28CCD39E00E4B321;
			remoteInfo = cw3;
		};
/* End PBXContainerItemProxy section */

/* Begin PBXFileReference section */
		B8CA50FE28CCD39E00E4B321 /* cw3.app */ = {isa = PBXFileReference; explicitFileType = wrapper.application; includeInIndex = 0; path = cw3.app; sourceTree = BUILT_PRODUCTS_DIR; };
		B8CA510128CCD39E00E4B321 /* cw3App.swift */ = {isa = PBXFileReference; lastKnownFileType = sourcecode.swift; path = cw3App.swift; sourceTree = "<group>"; };
		B8CA510328CCD39E00E4B321 /* ContentView.swift */ = {isa = PBXFileReference; lastKnownFileType = sourcecode.swift; path = ContentView.swift; sourceTree = "<group>"; };
		B8CA510528CCD3A000E4B321 /* Assets.xcassets */ = {isa = PBXFileReference; lastKnownFileType = folder.assetcatalog; path = Assets.xcassets; sourceTree = "<group>"; };
		B8CA510828CCD3A000E4B321 /* Preview Assets.xcassets */ = {isa = PBXFileReference; lastKnownFileType = folder.assetcatalog; path = "Preview Assets.xcassets"; sourceTree = "<group>"; };
		B8CA510E28CCD3A000E4B321 /* cw3Tests.xctest */ = {isa = PBXFileReference; explicitFileType = wrapper.cfbundle; includeInIndex = 0; path = cw3Tests.xctest; sourceTree = BUILT_PRODUCTS_DIR; };
		B8CA511228CCD3A000E4B321 /* cw3Tests.swift */ = {isa = PBXFileReference; lastKnownFileType = sourcecode.swift; path = cw3Tests.swift; sourceTree = "<group>"; };
		B8CA511828CCD3A000E4B321 /* cw3UITests.xctest */ = {isa = PBXFileReference; explicitFileType = wrapper.cfbundle; includeInIndex = 0; path = cw3UITests.xctest; sourceTree = BUILT_PRODUCTS_DIR; };
		B8CA511C28CCD3A000E4B321 /* cw3UITests.swift */ = {isa = PBXFileReference; lastKnownFileType = sourcecode.swift; path = cw3UITests.swift; sourceTree = "<group>"; };
		B8CA511E28CCD3A000E4B321 /* cw3UITestsLaunchTests.swift */ = {isa = PBXFileReference; lastKnownFileType = sourcecode.swift; path = cw3UITestsLaunchTests.swift; sourceTree = "<group>"; };
/* End PBXFileReference section */

/* Begin PBXFrameworksBuildPhase section */
		B8CA50FB28CCD39E00E4B321 /* Frameworks */ = {
			isa = PBXFrameworksBuildPhase;
			buildActionMask = 2147483647;
			files = (
			);
			runOnlyForDeploymentPostprocessing = 0;
		};
		B8CA510B28CCD3A000E4B321 /* Frameworks */ = {
			isa = PBXFrameworksBuildPhase;
			buildActionMask = 2147483647;
			files = (
			);
			runOnlyForDeploymentPostprocessing = 0;
		};
		B8CA511528CCD3A000E4B321 /* Frameworks */ = {
			isa = PBXFrameworksBuildPhase;
			buildActionMask = 2147483647;
			files = (
			);
			runOnlyForDeploymentPostprocessing = 0;
		};
/* End PBXFrameworksBuildPhase section */

/* Begin PBXGroup section */
		B8CA50F528CCD39E00E4B321 = {
			isa = PBXGroup;
			children = (
				B8CA510028CCD39E00E4B321 /* cw3 */,
				B8CA511128CCD3A000E4B321 /* cw3Tests */,
				B8CA511B28CCD3A000E4B321 /* cw3UITests */,
				B8CA50FF28CCD39E00E4B321 /* Products */,
			);
			sourceTree = "<group>";
		};
		B8CA50FF28CCD39E00E4B321 /* Products */ = {
			isa = PBXGroup;
			children = (
				B8CA50FE28CCD39E00E4B321 /* cw3.app */,
				B8CA510E28CCD3A000E4B321 /* cw3Tests.xctest */,
				B8CA511828CCD3A000E4B321 /* cw3UITests.xctest */,
			);
			name = Products;
			sourceTree = "<group>";
		};
		B8CA510028CCD39E00E4B321 /* cw3 */ = {
			isa = PBXGroup;
			children = (
				B8CA510128CCD39E00E4B321 /* cw3App.swift */,
				B8CA510328CCD39E00E4B321 /* ContentView.swift */,
				B8CA510528CCD3A000E4B321 /* Assets.xcassets */,
				B8CA510728CCD3A000E4B321 /* Preview Content */,
			);
			path = cw3;
			sourceTree = "<group>";
		};
		B8CA510728CCD3A000E4B321 /* Preview Content */ = {
			isa = PBXGroup;
			children = (
				B8CA510828CCD3A000E4B321 /* Preview Assets.xcassets */,
			);
			path = "Preview Content";
			sourceTree = "<group>";
		};
		B8CA511128CCD3A000E4B321 /* cw3Tests */ = {
			isa = PBXGroup;
			children = (
				B8CA511228CCD3A000E4B321 /* cw3Tests.swift */,
			);
			path = cw3Tests;
			sourceTree = "<group>";
		};
		B8CA511B28CCD3A000E4B321 /* cw3UITests */ = {
			isa = PBXGroup;
			children = (
				B8CA511C28CCD3A000E4B321 /* cw3UITests.swift */,
				B8CA511E28CCD3A000E4B321 /* cw3UITestsLaunchTests.swift */,
			);
			path = cw3UITests;
			sourceTree = "<group>";
		};
/* End PBXGroup section */

/* Begin PBXNativeTarget section */
		B8CA50FD28CCD39E00E4B321 /* cw3 */ = {
			isa = PBXNativeTarget;
			buildConfigurationList = B8CA512228CCD3A000E4B321 /* Build configuration list for PBXNativeTarget "cw3" */;
			buildPhases = (
				B8CA50FA28CCD39E00E4B321 /* Sources */,
				B8CA50FB28CCD39E00E4B321 /* Frameworks */,
				B8CA50FC28CCD39E00E4B321 /* Resources */,
			);
			buildRules = (
			);
			dependencies = (
			);
			name = cw3;
			productName = cw3;
			productReference = B8CA50FE28CCD39E00E4B321 /* cw3.app */;
			productType = "com.apple.product-type.application";
		};
		B8CA510D28CCD3A000E4B321 /* cw3Tests */ = {
			isa = PBXNativeTarget;
			buildConfigurationList = B8CA512528CCD3A000E4B321 /* Build configuration list for PBXNativeTarget "cw3Tests" */;
			buildPhases = (
				B8CA510A28CCD3A000E4B321 /* Sources */,
				B8CA510B28CCD3A000E4B321 /* Frameworks */,
				B8CA510C28CCD3A000E4B321 /* Resources */,
			);
			buildRules = (
			);
			dependencies = (
				B8CA511028CCD3A000E4B321 /* PBXTargetDependency */,
			);
			name = cw3Tests;
			productName = cw3Tests;
			productReference = B8CA510E28CCD3A000E4B321 /* cw3Tests.xctest */;
			productType = "com.apple.product-type.bundle.unit-test";
		};
		B8CA511728CCD3A000E4B321 /* cw3UITests */ = {
			isa = PBXNativeTarget;
			buildConfigurationList = B8CA512828CCD3A000E4B321 /* Build configuration list for PBXNativeTarget "cw3UITests" */;
			buildPhases = (
				B8CA511428CCD3A000E4B321 /* Sources */,
				B8CA511528CCD3A000E4B321 /* Frameworks */,
				B8CA511628CCD3A000E4B321 /* Resources */,
			);
			buildRules = (
			);
			dependencies = (
				B8CA511A28CCD3A000E4B321 /* PBXTargetDependency */,
			);
			name = cw3UITests;
			productName = cw3UITests;
			productReference = B8CA511828CCD3A000E4B321 /* cw3UITests.xctest */;
			productType = "com.apple.product-type.bundle.ui-testing";
		};
/* End PBXNativeTarget section */

/* Begin PBXProject section */
		B8CA50F628CCD39E00E4B321 /* Project object */ = {
			isa = PBXProject;
			attributes = {
				BuildIndependentTargetsInParallel = 1;
				LastSwiftUpdateCheck = 1340;
				LastUpgradeCheck = 1340;
				TargetAttributes = {
					B8CA50FD28CCD39E00E4B321 = {
						CreatedOnToolsVersion = 13.4.1;
					};
					B8CA510D28CCD3A000E4B321 = {
						CreatedOnToolsVersion = 13.4.1;
						TestTargetID = B8CA50FD28CCD39E00E4B321;
					};
					B8CA511728CCD3A000E4B321 = {
						CreatedOnToolsVersion = 13.4.1;
						TestTargetID = B8CA50FD28CCD39E00E4B321;
					};
				};
			};
			buildConfigurationList = B8CA50F928CCD39E00E4B321 /* Build configuration list for PBXProject "cw3" */;
			compatibilityVersion = "Xcode 13.0";
			developmentRegion = en;
			hasScannedForEncodings = 0;
			knownRegions = (
				en,
				Base,
			);
			mainGroup = B8CA50F528CCD39E00E4B321;
			productRefGroup = B8CA50FF28CCD39E00E4B321 /* Products */;
			projectDirPath = "";
			projectRoot = "";
			targets = (
				B8CA50FD28CCD39E00E4B321 /* cw3 */,
				B8CA510D28CCD3A000E4B321 /* cw3Tests */,
				B8CA511728CCD3A000E4B321 /* cw3UITests */,
			);
		};
/* End PBXProject section */

/* Begin PBXResourcesBuildPhase section */
		B8CA50FC28CCD39E00E4B321 /* Resources */ = {
			isa = PBXResourcesBuildPhase;
			buildActionMask = 2147483647;
			files = (
				B8CA510928CCD3A000E4B321 /* Preview Assets.xcassets in Resources */,
				B8CA510628CCD3A000E4B321 /* Assets.xcassets in Resources */,
			);
			runOnlyForDeploymentPostprocessing = 0;
		};
		B8CA510C28CCD3A000E4B321 /* Resources */ = {
			isa = PBXResourcesBuildPhase;
			buildActionMask = 2147483647;
			files = (
			);
			runOnlyForDeploymentPostprocessing = 0;
		};
		B8CA511628CCD3A000E4B321 /* Resources */ = {
			isa = PBXResourcesBuildPhase;
			buildActionMask = 2147483647;
			files = (
			);
			runOnlyForDeploymentPostprocessing = 0;
		};
/* End PBXResourcesBuildPhase section */

/* Begin PBXSourcesBuildPhase section */
		B8CA50FA28CCD39E00E4B321 /* Sources */ = {
			isa = PBXSourcesBuildPhase;
			buildActionMask = 2147483647;
			files = (
				B8CA510428CCD39E00E4B321 /* ContentView.swift in Sources */,
				B8CA510228CCD39E00E4B321 /* cw3App.swift in Sources */,
			);
			runOnlyForDeploymentPostprocessing = 0;
		};
		B8CA510A28CCD3A000E4B321 /* Sources */ = {
			isa = PBXSourcesBuildPhase;
			buildActionMask = 2147483647;
			files = (
				B8CA511328CCD3A000E4B321 /* cw3Tests.swift in Sources */,
			);
			runOnlyForDeploymentPostprocessing = 0;
		};
		B8CA511428CCD3A000E4B321 /* Sources */ = {
			isa = PBXSourcesBuildPhase;
			buildActionMask = 2147483647;
			files = (
				B8CA511F28CCD3A000E4B321 /* cw3UITestsLaunchTests.swift in Sources */,
				B8CA511D28CCD3A000E4B321 /* cw3UITests.swift in Sources */,
			);
			runOnlyForDeploymentPostprocessing = 0;
		};
/* End PBXSourcesBuildPhase section */

/* Begin PBXTargetDependency section */
		B8CA511028CCD3A000E4B321 /* PBXTargetDependency */ = {
			isa = PBXTargetDependency;
			target = B8CA50FD28CCD39E00E4B321 /* cw3 */;
			targetProxy = B8CA510F28CCD3A000E4B321 /* PBXContainerItemProxy */;
		};
		B8CA511A28CCD3A000E4B321 /* PBXTargetDependency */ = {
			isa = PBXTargetDependency;
			target = B8CA50FD28CCD39E00E4B321 /* cw3 */;
			targetProxy = B8CA511928CCD3A000E4B321 /* PBXContainerItemProxy */;
		};
/* End PBXTargetDependency section */

/* Begin XCBuildConfiguration section */
		B8CA512028CCD3A000E4B321 /* Debug */ = {
			isa = XCBuildConfiguration;
			buildSettings = {
				ALWAYS_SEARCH_USER_PATHS = NO;
				CLANG_ANALYZER_NONNULL = YES;
				CLANG_ANALYZER_NUMBER_OBJECT_CONVERSION = YES_AGGRESSIVE;
				CLANG_CXX_LANGUAGE_STANDARD = "gnu++17";
				CLANG_ENABLE_MODULES = YES;
				CLANG_ENABLE_OBJC_ARC = YES;
				CLANG_ENABLE_OBJC_WEAK = YES;
				CLANG_WARN_BLOCK_CAPTURE_AUTORELEASING = YES;
				CLANG_WARN_BOOL_CONVERSION = YES;
				CLANG_WARN_COMMA = YES;
				CLANG_WARN_CONSTANT_CONVERSION = YES;
				CLANG_WARN_DEPRECATED_OBJC_IMPLEMENTATIONS = YES;
				CLANG_WARN_DIRECT_OBJC_ISA_USAGE = YES_ERROR;
				CLANG_WARN_DOCUMENTATION_COMMENTS = YES;
				CLANG_WARN_EMPTY_BODY = YES;
				CLANG_WARN_ENUM_CONVERSION = YES;
				CLANG_WARN_INFINITE_RECURSION = YES;
				CLANG_WARN_INT_CONVERSION = YES;
				CLANG_WARN_NON_LITERAL_NULL_CONVERSION = YES;
				CLANG_WARN_OBJC_IMPLICIT_RETAIN_SELF = YES;
				CLANG_WARN_OBJC_LITERAL_CONVERSION = YES;
				CLANG_WARN_OBJC_ROOT_CLASS = YES_ERROR;
				CLANG_WARN_QUOTED_INCLUDE_IN_FRAMEWORK_HEADER = YES;
				CLANG_WARN_RANGE_LOOP_ANALYSIS = YES;
				CLANG_WARN_STRICT_PROTOTYPES = YES;
				CLANG_WARN_SUSPICIOUS_MOVE = YES;
				CLANG_WARN_UNGUARDED_AVAILABILITY = YES_AGGRESSIVE;
				CLANG_WARN_UNREACHABLE_CODE = YES;
				CLANG_WARN__DUPLICATE_METHOD_MATCH = YES;
				COPY_PHASE_STRIP = NO;
				DEBUG_INFORMATION_FORMAT = dwarf;
				ENABLE_STRICT_OBJC_MSGSEND = YES;
				ENABLE_TESTABILITY = YES;
				GCC_C_LANGUAGE_STANDARD = gnu11;
				GCC_DYNAMIC_NO_PIC = NO;
				GCC_NO_COMMON_BLOCKS = YES;
				GCC_OPTIMIZATION_LEVEL = 0;
				GCC_PREPROCESSOR_DEFINITIONS = (
					"DEBUG=1",
					"$(inherited)",
				);
				GCC_WARN_64_TO_32_BIT_CONVERSION = YES;
				GCC_WARN_ABOUT_RETURN_TYPE = YES_ERROR;
				GCC_WARN_UNDECLARED_SELECTOR = YES;
				GCC_WARN_UNINITIALIZED_AUTOS = YES_AGGRESSIVE;
				GCC_WARN_UNUSED_FUNCTION = YES;
				GCC_WARN_UNUSED_VARIABLE = YES;
				IPHONEOS_DEPLOYMENT_TARGET = 15.5;
				MTL_ENABLE_DEBUG_INFO = INCLUDE_SOURCE;
				MTL_FAST_MATH = YES;
				ONLY_ACTIVE_ARCH = YES;
				SDKROOT = iphoneos;
				SWIFT_ACTIVE_COMPILATION_CONDITIONS = DEBUG;
				SWIFT_OPTIMIZATION_LEVEL = "-Onone";
			};
			name = Debug;
		};
		B8CA512128CCD3A000E4B321 /* Release */ = {
			isa = XCBuildConfiguration;
			buildSettings = {
				ALWAYS_SEARCH_USER_PATHS = NO;
				CLANG_ANALYZER_NONNULL = YES;
				CLANG_ANALYZER_NUMBER_OBJECT_CONVERSION = YES_AGGRESSIVE;
				CLANG_CXX_LANGUAGE_STANDARD = "gnu++17";
				CLANG_ENABLE_MODULES = YES;
				CLANG_ENABLE_OBJC_ARC = YES;
				CLANG_ENABLE_OBJC_WEAK = YES;
				CLANG_WARN_BLOCK_CAPTURE_AUTORELEASING = YES;
				CLANG_WARN_BOOL_CONVERSION = YES;
				CLANG_WARN_COMMA = YES;
				CLANG_WARN_CONSTANT_CONVERSION = YES;
				CLANG_WARN_DEPRECATED_OBJC_IMPLEMENTATIONS = YES;
				CLANG_WARN_DIRECT_OBJC_ISA_USAGE = YES_ERROR;
				CLANG_WARN_DOCUMENTATION_COMMENTS = YES;
				CLANG_WARN_EMPTY_BODY = YES;
				CLANG_WARN_ENUM_CONVERSION = YES;
				CLANG_WARN_INFINITE_RECURSION = YES;
				CLANG_WARN_INT_CONVERSION = YES;
				CLANG_WARN_NON_LITERAL_NULL_CONVERSION = YES;
				CLANG_WARN_OBJC_IMPLICIT_RETAIN_SELF = YES;
				CLANG_WARN_OBJC_LITERAL_CONVERSION = YES;
				CLANG_WARN_OBJC_ROOT_CLASS = YES_ERROR;
				CLANG_WARN_QUOTED_INCLUDE_IN_FRAMEWORK_HEADER = YES;
				CLANG_WARN_RANGE_LOOP_ANALYSIS = YES;
				CLANG_WARN_STRICT_PROTOTYPES = YES;
				CLANG_WARN_SUSPICIOUS_MOVE = YES;
				CLANG_WARN_UNGUARDED_AVAILABILITY = YES_AGGRESSIVE;
				CLANG_WARN_UNREACHABLE_CODE = YES;
				CLANG_WARN__DUPLICATE_METHOD_MATCH = YES;
				COPY_PHASE_STRIP = NO;
				DEBUG_INFORMATION_FORMAT = "dwarf-with-dsym";
				ENABLE_NS_ASSERTIONS = NO;
				ENABLE_STRICT_OBJC_MSGSEND = YES;
				GCC_C_LANGUAGE_STANDARD = gnu11;
				GCC_NO_COMMON_BLOCKS = YES;
				GCC_WARN_64_TO_32_BIT_CONVERSION = YES;
				GCC_WARN_ABOUT_RETURN_TYPE = YES_ERROR;
				GCC_WARN_UNDECLARED_SELECTOR = YES;
				GCC_WARN_UNINITIALIZED_AUTOS = YES_AGGRESSIVE;
				GCC_WARN_UNUSED_FUNCTION = YES;
				GCC_WARN_UNUSED_VARIABLE = YES;
				IPHONEOS_DEPLOYMENT_TARGET = 15.5;
				MTL_ENABLE_DEBUG_INFO = NO;
				MTL_FAST_MATH = YES;
				SDKROOT = iphoneos;
				SWIFT_COMPILATION_MODE = wholemodule;
				SWIFT_OPTIMIZATION_LEVEL = "-O";
				VALIDATE_PRODUCT = YES;
			};
			name = Release;
		};
		B8CA512328CCD3A000E4B321 /* Debug */ = {
			isa = XCBuildConfiguration;
			buildSettings = {
				ASSETCATALOG_COMPILER_APPICON_NAME = AppIcon;
				ASSETCATALOG_COMPILER_GLOBAL_ACCENT_COLOR_NAME = AccentColor;
				CODE_SIGN_STYLE = Automatic;
				CURRENT_PROJECT_VERSION = 1;
				DEVELOPMENT_ASSET_PATHS = "\"cw3/Preview Content\"";
				ENABLE_PREVIEWS = YES;
				GENERATE_INFOPLIST_FILE = YES;
				INFOPLIST_KEY_UIApplicationSceneManifest_Generation = YES;
				INFOPLIST_KEY_UIApplicationSupportsIndirectInputEvents = YES;
				INFOPLIST_KEY_UILaunchScreen_Generation = YES;
				INFOPLIST_KEY_UISupportedInterfaceOrientations_iPad = "UIInterfaceOrientationPortrait UIInterfaceOrientationPortraitUpsideDown UIInterfaceOrientationLandscapeLeft UIInterfaceOrientationLandscapeRight";
				INFOPLIST_KEY_UISupportedInterfaceOrientations_iPhone = "UIInterfaceOrientationPortrait UIInterfaceOrientationLandscapeLeft UIInterfaceOrientationLandscapeRight";
				LD_RUNPATH_SEARCH_PATHS = (
					"$(inherited)",
					"@executable_path/Frameworks",
				);
				MARKETING_VERSION = 1.0;
				PRODUCT_BUNDLE_IDENTIFIER = test.cw3;
				PRODUCT_NAME = "$(TARGET_NAME)";
				SWIFT_EMIT_LOC_STRINGS = YES;
				SWIFT_VERSION = 5.0;
				TARGETED_DEVICE_FAMILY = "1,2";
			};
			name = Debug;
		};
		B8CA512428CCD3A000E4B321 /* Release */ = {
			isa = XCBuildConfiguration;
			buildSettings = {
				ASSETCATALOG_COMPILER_APPICON_NAME = AppIcon;
				ASSETCATALOG_COMPILER_GLOBAL_ACCENT_COLOR_NAME = AccentColor;
				CODE_SIGN_STYLE = Automatic;
				CURRENT_PROJECT_VERSION = 1;
				DEVELOPMENT_ASSET_PATHS = "\"cw3/Preview Content\"";
				ENABLE_PREVIEWS = YES;
				GENERATE_INFOPLIST_FILE = YES;
				INFOPLIST_KEY_UIApplicationSceneManifest_Generation = YES;
				INFOPLIST_KEY_UIApplicationSupportsIndirectInputEvents = YES;
				INFOPLIST_KEY_UILaunchScreen_Generation = YES;
				INFOPLIST_KEY_UISupportedInterfaceOrientations_iPad = "UIInterfaceOrientationPortrait UIInterfaceOrientationPortraitUpsideDown UIInterfaceOrientationLandscapeLeft UIInterfaceOrientationLandscapeRight";
				INFOPLIST_KEY_UISupportedInterfaceOrientations_iPhone = "UIInterfaceOrientationPortrait UIInterfaceOrientationLandscapeLeft UIInterfaceOrientationLandscapeRight";
				LD_RUNPATH_SEARCH_PATHS = (
					"$(inherited)",
					"@executable_path/Frameworks",
				);
				MARKETING_VERSION = 1.0;
				PRODUCT_BUNDLE_IDENTIFIER = test.cw3;
				PRODUCT_NAME = "$(TARGET_NAME)";
				SWIFT_EMIT_LOC_STRINGS = YES;
				SWIFT_VERSION = 5.0;
				TARGETED_DEVICE_FAMILY = "1,2";
			};
			name = Release;
		};
		B8CA512628CCD3A000E4B321 /* Debug */ = {
			isa = XCBuildConfiguration;
			buildSettings = {
				ALWAYS_EMBED_SWIFT_STANDARD_LIBRARIES = YES;
				BUNDLE_LOADER = "$(TEST_HOST)";
				CODE_SIGN_STYLE = Automatic;
				CURRENT_PROJECT_VERSION = 1;
				GENERATE_INFOPLIST_FILE = YES;
				IPHONEOS_DEPLOYMENT_TARGET = 15.5;
				MARKETING_VERSION = 1.0;
				PRODUCT_BUNDLE_IDENTIFIER = test.cw3Tests;
				PRODUCT_NAME = "$(TARGET_NAME)";
				SWIFT_EMIT_LOC_STRINGS = NO;
				SWIFT_VERSION = 5.0;
				TARGETED_DEVICE_FAMILY = "1,2";
				TEST_HOST = "$(BUILT_PRODUCTS_DIR)/cw3.app/cw3";
			};
			name = Debug;
		};
		B8CA512728CCD3A000E4B321 /* Release */ = {
			isa = XCBuildConfiguration;
			buildSettings = {
				ALWAYS_EMBED_SWIFT_STANDARD_LIBRARIES = YES;
				BUNDLE_LOADER = "$(TEST_HOST)";
				CODE_SIGN_STYLE = Automatic;
				CURRENT_PROJECT_VERSION = 1;
				GENERATE_INFOPLIST_FILE = YES;
				IPHONEOS_DEPLOYMENT_TARGET = 15.5;
				MARKETING_VERSION = 1.0;
				PRODUCT_BUNDLE_IDENTIFIER = test.cw3Tests;
				PRODUCT_NAME = "$(TARGET_NAME)";
				SWIFT_EMIT_LOC_STRINGS = NO;
				SWIFT_VERSION = 5.0;
				TARGETED_DEVICE_FAMILY = "1,2";
				TEST_HOST = "$(BUILT_PRODUCTS_DIR)/cw3.app/cw3";
			};
			name = Release;
		};
		B8CA512928CCD3A000E4B321 /* Debug */ = {
			isa = XCBuildConfiguration;
			buildSettings = {
				ALWAYS_EMBED_SWIFT_STANDARD_LIBRARIES = YES;
				CODE_SIGN_STYLE = Automatic;
				CURRENT_PROJECT_VERSION = 1;
				GENERATE_INFOPLIST_FILE = YES;
				MARKETING_VERSION = 1.0;
				PRODUCT_BUNDLE_IDENTIFIER = test.cw3UITests;
				PRODUCT_NAME = "$(TARGET_NAME)";
				SWIFT_EMIT_LOC_STRINGS = NO;
				SWIFT_VERSION = 5.0;
				TARGETED_DEVICE_FAMILY = "1,2";
				TEST_TARGET_NAME = cw3;
			};
			name = Debug;
		};
		B8CA512A28CCD3A000E4B321 /* Release */ = {
			isa = XCBuildConfiguration;
			buildSettings = {
				ALWAYS_EMBED_SWIFT_STANDARD_LIBRARIES = YES;
				CODE_SIGN_STYLE = Automatic;
				CURRENT_PROJECT_VERSION = 1;
				GENERATE_INFOPLIST_FILE = YES;
				MARKETING_VERSION = 1.0;
				PRODUCT_BUNDLE_IDENTIFIER = test.cw3UITests;
				PRODUCT_NAME = "$(TARGET_NAME)";
				SWIFT_EMIT_LOC_STRINGS = NO;
				SWIFT_VERSION = 5.0;
				TARGETED_DEVICE_FAMILY = "1,2";
				TEST_TARGET_NAME = cw3;
			};
			name = Release;
		};
/* End XCBuildConfiguration section */

/* Begin XCConfigurationList section */
		B8CA50F928CCD39E00E4B321 /* Build configuration list for PBXProject "cw3" */ = {
			isa = XCConfigurationList;
			buildConfigurations = (
				B8CA512028CCD3A000E4B321 /* Debug */,
				B8CA512128CCD3A000E4B321 /* Release */,
			);
			defaultConfigurationIsVisible = 0;
			defaultConfigurationName = Release;
		};
		B8CA512228CCD3A000E4B321 /* Build configuration list for PBXNativeTarget "cw3" */ = {
			isa = XCConfigurationList;
			buildConfigurations = (
				B8CA512328CCD3A000E4B321 /* Debug */,
				B8CA512428CCD3A000E4B321 /* Release */,
			);
			defaultConfigurationIsVisible = 0;
			defaultConfigurationName = Release;
		};
		B8CA512528CCD3A000E4B321 /* Build configuration list for PBXNativeTarget "cw3Tests" */ = {
			isa = XCConfigurationList;
			buildConfigurations = (
				B8CA512628CCD3A000E4B321 /* Debug */,
				B8CA512728CCD3A000E4B321 /* Release */,
			);
			defaultConfigurationIsVisible = 0;
			defaultConfigurationName = Release;
		};
		B8CA512828CCD3A000E4B321 /* Build configuration list for PBXNativeTarget "cw3UITests" */ = {
			isa = XCConfigurationList;
			buildConfigurations = (
				B8CA512928CCD3A000E4B321 /* Debug */,
				B8CA512A28CCD3A000E4B321 /* Release */,
			);
			defaultConfigurationIsVisible = 0;
			defaultConfigurationName = Release;
		};
/* End XCConfigurationList section */
	};
	rootObject = B8CA50F628CCD39E00E4B321 /* Project object */;
}
